// !$*UTF8*$!
{
	archiveVersion = 1;
	classes = {
	};
	objectVersion = 46;
	objects = {

/* Begin PBXBuildFile section */
		0909A70B1B9FCFC300A151EC /* main.m in Sources */ = {isa = PBXBuildFile; fileRef = 0909A70A1B9FCFC300A151EC /* main.m */; };
		0909A70E1B9FCFC300A151EC /* AppDelegate.m in Sources */ = {isa = PBXBuildFile; fileRef = 0909A70D1B9FCFC300A151EC /* AppDelegate.m */; };
		0909A7111B9FCFC300A151EC /* ViewController.m in Sources */ = {isa = PBXBuildFile; fileRef = 0909A7101B9FCFC300A151EC /* ViewController.m */; };
		0909A7141B9FCFC300A151EC /* Main.storyboard in Resources */ = {isa = PBXBuildFile; fileRef = 0909A7121B9FCFC300A151EC /* Main.storyboard */; };
		0909A7161B9FCFC300A151EC /* Images.xcassets in Resources */ = {isa = PBXBuildFile; fileRef = 0909A7151B9FCFC300A151EC /* Images.xcassets */; };
		0909A7191B9FCFC300A151EC /* LaunchScreen.xib in Resources */ = {isa = PBXBuildFile; fileRef = 0909A7171B9FCFC300A151EC /* LaunchScreen.xib */; };
		0909A7251B9FCFC300A151EC /* AudioRecorderTests.m in Sources */ = {isa = PBXBuildFile; fileRef = 0909A7241B9FCFC300A151EC /* AudioRecorderTests.m */; };
		0909A72F1B9FD4F900A151EC /* AVFoundation.framework in Frameworks */ = {isa = PBXBuildFile; fileRef = 0909A72E1B9FD4F900A151EC /* AVFoundation.framework */; };
/* End PBXBuildFile section */

/* Begin PBXContainerItemProxy section */
		0909A71F1B9FCFC300A151EC /* PBXContainerItemProxy */ = {
			isa = PBXContainerItemProxy;
			containerPortal = 0909A6FD1B9FCFC200A151EC /* Project object */;
			proxyType = 1;
			remoteGlobalIDString = 0909A7041B9FCFC200A151EC;
			remoteInfo = AudioRecorder;
		};
/* End PBXContainerItemProxy section */

/* Begin PBXFileReference section */
		0909A7051B9FCFC300A151EC /* AudioRecorder.app */ = {isa = PBXFileReference; explicitFileType = wrapper.application; includeInIndex = 0; path = AudioRecorder.app; sourceTree = BUILT_PRODUCTS_DIR; };
		0909A7091B9FCFC300A151EC /* Info.plist */ = {isa = PBXFileReference; lastKnownFileType = text.plist.xml; path = Info.plist; sourceTree = "<group>"; };
		0909A70A1B9FCFC300A151EC /* main.m */ = {isa = PBXFileReference; lastKnownFileType = sourcecode.c.objc; path = main.m; sourceTree = "<group>"; };
		0909A70C1B9FCFC300A151EC /* AppDelegate.h */ = {isa = PBXFileReference; lastKnownFileType = sourcecode.c.h; path = AppDelegate.h; sourceTree = "<group>"; };
		0909A70D1B9FCFC300A151EC /* AppDelegate.m */ = {isa = PBXFileReference; lastKnownFileType = sourcecode.c.objc; path = AppDelegate.m; sourceTree = "<group>"; };
		0909A70F1B9FCFC300A151EC /* ViewController.h */ = {isa = PBXFileReference; lastKnownFileType = sourcecode.c.h; path = ViewController.h; sourceTree = "<group>"; };
		0909A7101B9FCFC300A151EC /* ViewController.m */ = {isa = PBXFileReference; lastKnownFileType = sourcecode.c.objc; path = ViewController.m; sourceTree = "<group>"; };
		0909A7131B9FCFC300A151EC /* Base */ = {isa = PBXFileReference; lastKnownFileType = file.storyboard; name = Base; path = Base.lproj/Main.storyboard; sourceTree = "<group>"; };
		0909A7151B9FCFC300A151EC /* Images.xcassets */ = {isa = PBXFileReference; lastKnownFileType = folder.assetcatalog; path = Images.xcassets; sourceTree = "<group>"; };
		0909A7181B9FCFC300A151EC /* Base */ = {isa = PBXFileReference; lastKnownFileType = file.xib; name = Base; path = Base.lproj/LaunchScreen.xib; sourceTree = "<group>"; };
		0909A71E1B9FCFC300A151EC /* AudioRecorderTests.xctest */ = {isa = PBXFileReference; explicitFileType = wrapper.cfbundle; includeInIndex = 0; path = AudioRecorderTests.xctest; sourceTree = BUILT_PRODUCTS_DIR; };
		0909A7231B9FCFC300A151EC /* Info.plist */ = {isa = PBXFileReference; lastKnownFileType = text.plist.xml; path = Info.plist; sourceTree = "<group>"; };
		0909A7241B9FCFC300A151EC /* AudioRecorderTests.m */ = {isa = PBXFileReference; lastKnownFileType = sourcecode.c.objc; path = AudioRecorderTests.m; sourceTree = "<group>"; };
		0909A72E1B9FD4F900A151EC /* AVFoundation.framework */ = {isa = PBXFileReference; lastKnownFileType = wrapper.framework; name = AVFoundation.framework; path = System/Library/Frameworks/AVFoundation.framework; sourceTree = SDKROOT; };
/* End PBXFileReference section */

/* Begin PBXFrameworksBuildPhase section */
		0909A7021B9FCFC200A151EC /* Frameworks */ = {
			isa = PBXFrameworksBuildPhase;
			buildActionMask = 2147483647;
			files = (
				0909A72F1B9FD4F900A151EC /* AVFoundation.framework in Frameworks */,
			);
			runOnlyForDeploymentPostprocessing = 0;
		};
		0909A71B1B9FCFC300A151EC /* Frameworks */ = {
			isa = PBXFrameworksBuildPhase;
			buildActionMask = 2147483647;
			files = (
			);
			runOnlyForDeploymentPostprocessing = 0;
		};
/* End PBXFrameworksBuildPhase section */

/* Begin PBXGroup section */
		0909A6FC1B9FCFC200A151EC = {
			isa = PBXGroup;
			children = (
				0909A72E1B9FD4F900A151EC /* AVFoundation.framework */,
				0909A7071B9FCFC300A151EC /* AudioRecorder */,
				0909A7211B9FCFC300A151EC /* AudioRecorderTests */,
				0909A7061B9FCFC300A151EC /* Products */,
			);
			sourceTree = "<group>";
		};
		0909A7061B9FCFC300A151EC /* Products */ = {
			isa = PBXGroup;
			children = (
				0909A7051B9FCFC300A151EC /* AudioRecorder.app */,
				0909A71E1B9FCFC300A151EC /* AudioRecorderTests.xctest */,
			);
			name = Products;
			sourceTree = "<group>";
		};
		0909A7071B9FCFC300A151EC /* AudioRecorder */ = {
			isa = PBXGroup;
			children = (
				0909A70C1B9FCFC300A151EC /* AppDelegate.h */,
				0909A70D1B9FCFC300A151EC /* AppDelegate.m */,
				0909A70F1B9FCFC300A151EC /* ViewController.h */,
				0909A7101B9FCFC300A151EC /* ViewController.m */,
				0909A7121B9FCFC300A151EC /* Main.storyboard */,
				0909A7151B9FCFC300A151EC /* Images.xcassets */,
				0909A7171B9FCFC300A151EC /* LaunchScreen.xib */,
				0909A7081B9FCFC300A151EC /* Supporting Files */,
			);
			path = AudioRecorder;
			sourceTree = "<group>";
		};
		0909A7081B9FCFC300A151EC /* Supporting Files */ = {
			isa = PBXGroup;
			children = (
				0909A7091B9FCFC300A151EC /* Info.plist */,
				0909A70A1B9FCFC300A151EC /* main.m */,
			);
			name = "Supporting Files";
			sourceTree = "<group>";
		};
		0909A7211B9FCFC300A151EC /* AudioRecorderTests */ = {
			isa = PBXGroup;
			children = (
				0909A7241B9FCFC300A151EC /* AudioRecorderTests.m */,
				0909A7221B9FCFC300A151EC /* Supporting Files */,
			);
			path = AudioRecorderTests;
			sourceTree = "<group>";
		};
		0909A7221B9FCFC300A151EC /* Supporting Files */ = {
			isa = PBXGroup;
			children = (
				0909A7231B9FCFC300A151EC /* Info.plist */,
			);
			name = "Supporting Files";
			sourceTree = "<group>";
		};
/* End PBXGroup section */

/* Begin PBXNativeTarget section */
		0909A7041B9FCFC200A151EC /* AudioRecorder */ = {
			isa = PBXNativeTarget;
			buildConfigurationList = 0909A7281B9FCFC300A151EC /* Build configuration list for PBXNativeTarget "AudioRecorder" */;
			buildPhases = (
				0909A7011B9FCFC200A151EC /* Sources */,
				0909A7021B9FCFC200A151EC /* Frameworks */,
				0909A7031B9FCFC200A151EC /* Resources */,
			);
			buildRules = (
			);
			dependencies = (
			);
			name = AudioRecorder;
			productName = AudioRecorder;
			productReference = 0909A7051B9FCFC300A151EC /* AudioRecorder.app */;
			productType = "com.apple.product-type.application";
		};
		0909A71D1B9FCFC300A151EC /* AudioRecorderTests */ = {
			isa = PBXNativeTarget;
			buildConfigurationList = 0909A72B1B9FCFC300A151EC /* Build configuration list for PBXNativeTarget "AudioRecorderTests" */;
			buildPhases = (
				0909A71A1B9FCFC300A151EC /* Sources */,
				0909A71B1B9FCFC300A151EC /* Frameworks */,
				0909A71C1B9FCFC300A151EC /* Resources */,
			);
			buildRules = (
			);
			dependencies = (
				0909A7201B9FCFC300A151EC /* PBXTargetDependency */,
			);
			name = AudioRecorderTests;
			productName = AudioRecorderTests;
			productReference = 0909A71E1B9FCFC300A151EC /* AudioRecorderTests.xctest */;
			productType = "com.apple.product-type.bundle.unit-test";
		};
/* End PBXNativeTarget section */

/* Begin PBXProject section */
		0909A6FD1B9FCFC200A151EC /* Project object */ = {
			isa = PBXProject;
			attributes = {
				LastUpgradeCheck = 0640;
				ORGANIZATIONNAME = "Rajendrasinh Parmar";
				TargetAttributes = {
					0909A7041B9FCFC200A151EC = {
						CreatedOnToolsVersion = 6.4;
					};
					0909A71D1B9FCFC300A151EC = {
						CreatedOnToolsVersion = 6.4;
						TestTargetID = 0909A7041B9FCFC200A151EC;
					};
				};
			};
			buildConfigurationList = 0909A7001B9FCFC200A151EC /* Build configuration list for PBXProject "AudioRecorder" */;
			compatibilityVersion = "Xcode 3.2";
			developmentRegion = English;
			hasScannedForEncodings = 0;
			knownRegions = (
				en,
				Base,
			);
			mainGroup = 0909A6FC1B9FCFC200A151EC;
			productRefGroup = 0909A7061B9FCFC300A151EC /* Products */;
			projectDirPath = "";
			projectRoot = "";
			targets = (
				0909A7041B9FCFC200A151EC /* AudioRecorder */,
				0909A71D1B9FCFC300A151EC /* AudioRecorderTests */,
			);
		};
/* End PBXProject section */

/* Begin PBXResourcesBuildPhase section */
		0909A7031B9FCFC200A151EC /* Resources */ = {
			isa = PBXResourcesBuildPhase;
			buildActionMask = 2147483647;
			files = (
				0909A7141B9FCFC300A151EC /* Main.storyboard in Resources */,
				0909A7191B9FCFC300A151EC /* LaunchScreen.xib in Resources */,
				0909A7161B9FCFC300A151EC /* Images.xcassets in Resources */,
			);
			runOnlyForDeploymentPostprocessing = 0;
		};
		0909A71C1B9FCFC300A151EC /* Resources */ = {
			isa = PBXResourcesBuildPhase;
			buildActionMask = 2147483647;
			files = (
			);
			runOnlyForDeploymentPostprocessing = 0;
		};
/* End PBXResourcesBuildPhase section */

/* Begin PBXSourcesBuildPhase section */
		0909A7011B9FCFC200A151EC /* Sources */ = {
			isa = PBXSourcesBuildPhase;
			buildActionMask = 2147483647;
			files = (
				0909A7111B9FCFC300A151EC /* ViewController.m in Sources */,
				0909A70E1B9FCFC300A151EC /* AppDelegate.m in Sources */,
				0909A70B1B9FCFC300A151EC /* main.m in Sources */,
			);
			runOnlyForDeploymentPostprocessing = 0;
		};
		0909A71A1B9FCFC300A151EC /* Sources */ = {
			isa = PBXSourcesBuildPhase;
			buildActionMask = 2147483647;
			files = (
				0909A7251B9FCFC300A151EC /* AudioRecorderTests.m in Sources */,
			);
			runOnlyForDeploymentPostprocessing = 0;
		};
/* End PBXSourcesBuildPhase section */

/* Begin PBXTargetDependency section */
		0909A7201B9FCFC300A151EC /* PBXTargetDependency */ = {
			isa = PBXTargetDependency;
			target = 0909A7041B9FCFC200A151EC /* AudioRecorder */;
			targetProxy = 0909A71F1B9FCFC300A151EC /* PBXContainerItemProxy */;
		};
/* End PBXTargetDependency section */

/* Begin PBXVariantGroup section */
		0909A7121B9FCFC300A151EC /* Main.storyboard */ = {
			isa = PBXVariantGroup;
			children = (
				0909A7131B9FCFC300A151EC /* Base */,
			);
			name = Main.storyboard;
			sourceTree = "<group>";
		};
		0909A7171B9FCFC300A151EC /* LaunchScreen.xib */ = {
			isa = PBXVariantGroup;
			children = (
				0909A7181B9FCFC300A151EC /* Base */,
			);
			name = LaunchScreen.xib;
			sourceTree = "<group>";
		};
/* End PBXVariantGroup section */

/* Begin XCBuildConfiguration section */
		0909A7261B9FCFC300A151EC /* Debug */ = {
			isa = XCBuildConfiguration;
			buildSettings = {
				ALWAYS_SEARCH_USER_PATHS = NO;
				CLANG_CXX_LANGUAGE_STANDARD = "gnu++0x";
				CLANG_CXX_LIBRARY = "libc++";
				CLANG_ENABLE_MODULES = YES;
				CLANG_ENABLE_OBJC_ARC = YES;
				CLANG_WARN_BOOL_CONVERSION = YES;
				CLANG_WARN_CONSTANT_CONVERSION = YES;
				CLANG_WARN_DIRECT_OBJC_ISA_USAGE = YES_ERROR;
				CLANG_WARN_EMPTY_BODY = YES;
				CLANG_WARN_ENUM_CONVERSION = YES;
				CLANG_WARN_INT_CONVERSION = YES;
				CLANG_WARN_OBJC_ROOT_CLASS = YES_ERROR;
				CLANG_WARN_UNREACHABLE_CODE = YES;
				CLANG_WARN__DUPLICATE_METHOD_MATCH = YES;
				"CODE_SIGN_IDENTITY[sdk=iphoneos*]" = "iPhone Developer";
				COPY_PHASE_STRIP = NO;
				DEBUG_INFORMATION_FORMAT = "dwarf-with-dsym";
				ENABLE_STRICT_OBJC_MSGSEND = YES;
				GCC_C_LANGUAGE_STANDARD = gnu99;
				GCC_DYNAMIC_NO_PIC = NO;
				GCC_NO_COMMON_BLOCKS = YES;
				GCC_OPTIMIZATION_LEVEL = 0;
				GCC_PREPROCESSOR_DEFINITIONS = (
					"DEBUG=1",
					"$(inherited)",
				);
				GCC_SYMBOLS_PRIVATE_EXTERN = NO;
				GCC_WARN_64_TO_32_BIT_CONVERSION = YES;
				GCC_WARN_ABOUT_RETURN_TYPE = YES_ERROR;
				GCC_WARN_UNDECLARED_SELECTOR = YES;
				GCC_WARN_UNINITIALIZED_AUTOS = YES_AGGRESSIVE;
				GCC_WARN_UNUSED_FUNCTION = YES;
				GCC_WARN_UNUSED_VARIABLE = YES;
				IPHONEOS_DEPLOYMENT_TARGET = 8.4;
				MTL_ENABLE_DEBUG_INFO = YES;
				ONLY_ACTIVE_ARCH = YES;
				SDKROOT = iphoneos;
				TARGETED_DEVICE_FAMILY = "1,2";
			};
			name = Debug;
		};
		0909A7271B9FCFC300A151EC /* Release */ = {
			isa = XCBuildConfiguration;
			buildSettings = {
				ALWAYS_SEARCH_USER_PATHS = NO;
				CLANG_CXX_LANGUAGE_STANDARD = "gnu++0x";
				CLANG_CXX_LIBRARY = "libc++";
				CLANG_ENABLE_MODULES = YES;
				CLANG_ENABLE_OBJC_ARC = YES;
				CLANG_WARN_BOOL_CONVERSION = YES;
				CLANG_WARN_CONSTANT_CONVERSION = YES;
				CLANG_WARN_DIRECT_OBJC_ISA_USAGE = YES_ERROR;
				CLANG_WARN_EMPTY_BODY = YES;
				CLANG_WARN_ENUM_CONVERSION = YES;
				CLANG_WARN_INT_CONVERSION = YES;
				CLANG_WARN_OBJC_ROOT_CLASS = YES_ERROR;
				CLANG_WARN_UNREACHABLE_CODE = YES;
				CLANG_WARN__DUPLICATE_METHOD_MATCH = YES;
				"CODE_SIGN_IDENTITY[sdk=iphoneos*]" = "iPhone Developer";
				COPY_PHASE_STRIP = NO;
				DEBUG_INFORMATION_FORMAT = "dwarf-with-dsym";
				ENABLE_NS_ASSERTIONS = NO;
				ENABLE_STRICT_OBJC_MSGSEND = YES;
				GCC_C_LANGUAGE_STANDARD = gnu99;
				GCC_NO_COMMON_BLOCKS = YES;
				GCC_WARN_64_TO_32_BIT_CONVERSION = YES;
				GCC_WARN_ABOUT_RETURN_TYPE = YES_ERROR;
				GCC_WARN_UNDECLARED_SELECTOR = YES;
				GCC_WARN_UNINITIALIZED_AUTOS = YES_AGGRESSIVE;
				GCC_WARN_UNUSED_FUNCTION = YES;
				GCC_WARN_UNUSED_VARIABLE = YES;
				IPHONEOS_DEPLOYMENT_TARGET = 8.4;
				MTL_ENABLE_DEBUG_INFO = NO;
				SDKROOT = iphoneos;
				TARGETED_DEVICE_FAMILY = "1,2";
				VALIDATE_PRODUCT = YES;
			};
			name = Release;
		};
		0909A7291B9FCFC300A151EC /* Debug */ = {
			isa = XCBuildConfiguration;
			buildSettings = {
				ASSETCATALOG_COMPILER_APPICON_NAME = AppIcon;
				INFOPLIST_FILE = AudioRecorder/Info.plist;
				LD_RUNPATH_SEARCH_PATHS = "$(inherited) @executable_path/Frameworks";
				PRODUCT_NAME = "$(TARGET_NAME)";
			};
			name = Debug;
		};
		0909A72A1B9FCFC300A151EC /* Release */ = {
			isa = XCBuildConfiguration;
			buildSettings = {
				ASSETCATALOG_COMPILER_APPICON_NAME = AppIcon;
				INFOPLIST_FILE = AudioRecorder/Info.plist;
				LD_RUNPATH_SEARCH_PATHS = "$(inherited) @executable_path/Frameworks";
				PRODUCT_NAME = "$(TARGET_NAME)";
			};
			name = Release;
		};
		0909A72C1B9FCFC300A151EC /* Debug */ = {
			isa = XCBuildConfiguration;
			buildSettings = {
				BUNDLE_LOADER = "$(TEST_HOST)";
				FRAMEWORK_SEARCH_PATHS = (
					"$(SDKROOT)/Developer/Library/Frameworks",
					"$(inherited)",
				);
				GCC_PREPROCESSOR_DEFINITIONS = (
					"DEBUG=1",
					"$(inherited)",
				);
				INFOPLIST_FILE = AudioRecorderTests/Info.plist;
				LD_RUNPATH_SEARCH_PATHS = "$(inherited) @executable_path/Frameworks @loader_path/Frameworks";
				PRODUCT_NAME = "$(TARGET_NAME)";
				TEST_HOST = "$(BUILT_PRODUCTS_DIR)/AudioRecorder.app/AudioRecorder";
			};
			name = Debug;
		};
		0909A72D1B9FCFC300A151EC /* Release */ = {
			isa = XCBuildConfiguration;
			buildSettings = {
				BUNDLE_LOADER = "$(TEST_HOST)";
				FRAMEWORK_SEARCH_PATHS = (
					"$(SDKROOT)/Developer/Library/Frameworks",
					"$(inherited)",
				);
				INFOPLIST_FILE = AudioRecorderTests/Info.plist;
				LD_RUNPATH_SEARCH_PATHS = "$(inherited) @executable_path/Frameworks @loader_path/Frameworks";
				PRODUCT_NAME = "$(TARGET_NAME)";
				TEST_HOST = "$(BUILT_PRODUCTS_DIR)/AudioRecorder.app/AudioRecorder";
			};
			name = Release;
		};
/* End XCBuildConfiguration section */

/* Begin XCConfigurationList section */
		0909A7001B9FCFC200A151EC /* Build configuration list for PBXProject "AudioRecorder" */ = {
			isa = XCConfigurationList;
			buildConfigurations = (
				0909A7261B9FCFC300A151EC /* Debug */,
				0909A7271B9FCFC300A151EC /* Release */,
			);
			defaultConfigurationIsVisible = 0;
			defaultConfigurationName = Release;
		};
		0909A7281B9FCFC300A151EC /* Build configuration list for PBXNativeTarget "AudioRecorder" */ = {
			isa = XCConfigurationList;
			buildConfigurations = (
				0909A7291B9FCFC300A151EC /* Debug */,
				0909A72A1B9FCFC300A151EC /* Release */,
			);
			defaultConfigurationIsVisible = 0;
			defaultConfigurationName = Release;
		};
		0909A72B1B9FCFC300A151EC /* Build configuration list for PBXNativeTarget "AudioRecorderTests" */ = {
			isa = XCConfigurationList;
			buildConfigurations = (
				0909A72C1B9FCFC300A151EC /* Debug */,
				0909A72D1B9FCFC300A151EC /* Release */,
			);
			defaultConfigurationIsVisible = 0;
			defaultConfigurationName = Release;
		};
/* End XCConfigurationList section */
	};
	rootObject = 0909A6FD1B9FCFC200A151EC /* Project object */;
}
